
Microsoft Visual Studio Solution File, Format Version 12.00
# Visual Studio Version 16
VisualStudioVersion = 16.0.32802.440
MinimumVisualStudioVersion = 10.0.40219.1
Project("{9A19103F-16F7-4668-BE54-9A1E7A4F7556}") = "KursIntro", "KursIntro\KursIntro.csproj", "{BA15D267-1B3F-4ADC-95F4-066421BA7271}"
EndProject
Project("{9A19103F-16F7-4668-BE54-9A1E7A4F7556}") = "Donguler", "Donguler\Donguler.csproj", "{3F5B7DB0-92C9-413E-8694-C0A39F1D254E}"
EndProject
Project("{9A19103F-16F7-4668-BE54-9A1E7A4F7556}") = "ClassIntro", "ClassIntro\ClassIntro.csproj", "{C01C847B-9277-4CB6-A895-340E18696324}"
EndProject
Project("{9A19103F-16F7-4668-BE54-9A1E7A4F7556}") = "Metodlar", "Metodlar\Metodlar.csproj", "{AF26F433-E964-4B74-9270-6BD1D359619C}"
EndProject
Project("{9A19103F-16F7-4668-BE54-9A1E7A4F7556}") = "Matematik", "Matematik\Matematik.csproj", "{91810B24-199A-426E-A3A2-5A8174A88BAE}"
EndProject
Project("{9A19103F-16F7-4668-BE54-9A1E7A4F7556}") = "DegerVeReferansTipler", "DegerVeReferansTipler\DegerVeReferansTipler.csproj", "{36B36523-FE81-4FC5-A84B-C1461362AF20}"
EndProject
Project("{9A19103F-16F7-4668-BE54-9A1E7A4F7556}") = "OOP1", "OOP1\OOP1.csproj", "{0EFB070C-D89B-49E9-9C28-7B1144F5EB54}"
EndProject
Project("{9A19103F-16F7-4668-BE54-9A1E7A4F7556}") = "Koleksiyonlar", "Koleksiyonlar\Koleksiyonlar.csproj", "{8529F9A0-212F-4C16-B182-7268DFC20695}"
EndProject
Project("{9A19103F-16F7-4668-BE54-9A1E7A4F7556}") = "GenericsIntro", "GenericsIntro\GenericsIntro.csproj", "{2E95C8BC-5779-48D0-9334-DF1705890D11}"
EndProject
Project("{FAE04EC0-301F-11D3-BF4B-00C04F79EFBC}") = "OOP2", "OOP2\OOP2.csproj", "{B6CC07A2-C769-4584-A9EC-B3920512A7FF}"
EndProject
Project("{FAE04EC0-301F-11D3-BF4B-00C04F79EFBC}") = "OOP3", "OOP3\OOP3.csproj", "{93679396-6C11-4FCB-B55B-800D6F5E7351}"
EndProject
Global
	GlobalSection(SolutionConfigurationPlatforms) = preSolution
		Debug|Any CPU = Debug|Any CPU
		Release|Any CPU = Release|Any CPU
	EndGlobalSection
	GlobalSection(ProjectConfigurationPlatforms) = postSolution
		{BA15D267-1B3F-4ADC-95F4-066421BA7271}.Debug|Any CPU.ActiveCfg = Debug|Any CPU
		{BA15D267-1B3F-4ADC-95F4-066421BA7271}.Debug|Any CPU.Build.0 = Debug|Any CPU
		{BA15D267-1B3F-4ADC-95F4-066421BA7271}.Release|Any CPU.ActiveCfg = Release|Any CPU
		{BA15D267-1B3F-4ADC-95F4-066421BA7271}.Release|Any CPU.Build.0 = Release|Any CPU
		{3F5B7DB0-92C9-413E-8694-C0A39F1D254E}.Debug|Any CPU.ActiveCfg = Debug|Any CPU
		{3F5B7DB0-92C9-413E-8694-C0A39F1D254E}.Debug|Any CPU.Build.0 = Debug|Any CPU
		{3F5B7DB0-92C9-413E-8694-C0A39F1D254E}.Release|Any CPU.ActiveCfg = Release|Any CPU
		{3F5B7DB0-92C9-413E-8694-C0A39F1D254E}.Release|Any CPU.Build.0 = Release|Any CPU
		{C01C847B-9277-4CB6-A895-340E18696324}.Debug|Any CPU.ActiveCfg = Debug|Any CPU
		{C01C847B-9277-4CB6-A895-340E18696324}.Debug|Any CPU.Build.0 = Debug|Any CPU
		{C01C847B-9277-4CB6-A895-340E18696324}.Release|Any CPU.ActiveCfg = Release|Any CPU
		{C01C847B-9277-4CB6-A895-340E18696324}.Release|Any CPU.Build.0 = Release|Any CPU
		{AF26F433-E964-4B74-9270-6BD1D359619C}.Debug|Any CPU.ActiveCfg = Debug|Any CPU
		{AF26F433-E964-4B74-9270-6BD1D359619C}.Debug|Any CPU.Build.0 = Debug|Any CPU
		{AF26F433-E964-4B74-9270-6BD1D359619C}.Release|Any CPU.ActiveCfg = Release|Any CPU
		{AF26F433-E964-4B74-9270-6BD1D359619C}.Release|Any CPU.Build.0 = Release|Any CPU
		{91810B24-199A-426E-A3A2-5A8174A88BAE}.Debug|Any CPU.ActiveCfg = Debug|Any CPU
		{91810B24-199A-426E-A3A2-5A8174A88BAE}.Debug|Any CPU.Build.0 = Debug|Any CPU
		{91810B24-199A-426E-A3A2-5A8174A88BAE}.Release|Any CPU.ActiveCfg = Release|Any CPU
		{91810B24-199A-426E-A3A2-5A8174A88BAE}.Release|Any CPU.Build.0 = Release|Any CPU
		{36B36523-FE81-4FC5-A84B-C1461362AF20}.Debug|Any CPU.ActiveCfg = Debug|Any CPU
		{36B36523-FE81-4FC5-A84B-C1461362AF20}.Debug|Any CPU.Build.0 = Debug|Any CPU
		{36B36523-FE81-4FC5-A84B-C1461362AF20}.Release|Any CPU.ActiveCfg = Release|Any CPU
		{36B36523-FE81-4FC5-A84B-C1461362AF20}.Release|Any CPU.Build.0 = Release|Any CPU
		{0EFB070C-D89B-49E9-9C28-7B1144F5EB54}.Debug|Any CPU.ActiveCfg = Debug|Any CPU
		{0EFB070C-D89B-49E9-9C28-7B1144F5EB54}.Debug|Any CPU.Build.0 = Debug|Any CPU
		{0EFB070C-D89B-49E9-9C28-7B1144F5EB54}.Release|Any CPU.ActiveCfg = Release|Any CPU
		{0EFB070C-D89B-49E9-9C28-7B1144F5EB54}.Release|Any CPU.Build.0 = Release|Any CPU
		{8529F9A0-212F-4C16-B182-7268DFC20695}.Debug|Any CPU.ActiveCfg = Debug|Any CPU
		{8529F9A0-212F-4C16-B182-7268DFC20695}.Debug|Any CPU.Build.0 = Debug|Any CPU
		{8529F9A0-212F-4C16-B182-7268DFC20695}.Release|Any CPU.ActiveCfg = Release|Any CPU
		{8529F9A0-212F-4C16-B182-7268DFC20695}.Release|Any CPU.Build.0 = Release|Any CPU
		{2E95C8BC-5779-48D0-9334-DF1705890D11}.Debug|Any CPU.ActiveCfg = Debug|Any CPU
		{2E95C8BC-5779-48D0-9334-DF1705890D11}.Debug|Any CPU.Build.0 = Debug|Any CPU
		{2E95C8BC-5779-48D0-9334-DF1705890D11}.Release|Any CPU.ActiveCfg = Release|Any CPU
		{2E95C8BC-5779-48D0-9334-DF1705890D11}.Release|Any CPU.Build.0 = Release|Any CPU
		{B6CC07A2-C769-4584-A9EC-B3920512A7FF}.Debug|Any CPU.ActiveCfg = Debug|Any CPU
		{B6CC07A2-C769-4584-A9EC-B3920512A7FF}.Debug|Any CPU.Build.0 = Debug|Any CPU
		{B6CC07A2-C769-4584-A9EC-B3920512A7FF}.Release|Any CPU.ActiveCfg = Release|Any CPU
		{B6CC07A2-C769-4584-A9EC-B3920512A7FF}.Release|Any CPU.Build.0 = Release|Any CPU
		{93679396-6C11-4FCB-B55B-800D6F5E7351}.Debug|Any CPU.ActiveCfg = Debug|Any CPU
		{93679396-6C11-4FCB-B55B-800D6F5E7351}.Debug|Any CPU.Build.0 = Debug|Any CPU
		{93679396-6C11-4FCB-B55B-800D6F5E7351}.Release|Any CPU.ActiveCfg = Release|Any CPU
		{93679396-6C11-4FCB-B55B-800D6F5E7351}.Release|Any CPU.Build.0 = Release|Any CPU
	EndGlobalSection
	GlobalSection(SolutionProperties) = preSolution
		HideSolutionNode = FALSE
	EndGlobalSection
	GlobalSection(ExtensibilityGlobals) = postSolution
		SolutionGuid = {0086C19F-6E68-4088-8E3D-FE8E71F1761A}
	EndGlobalSection
EndGlobal
